
Microsoft Visual Studio Solution File, Format Version 12.00
# Visual Studio 2013
VisualStudioVersion = 12.0.21005.1
MinimumVisualStudioVersion = 10.0.40219.1
Project("{FAE04EC0-301F-11D3-BF4B-00C04F79EFBC}") = "Comfy.Utils", "Comfy.Utils\Comfy.Utils.csproj", "{6E0ED7F7-9C0C-418D-BE53-31B999C23DF4}"
EndProject
Project("{FAE04EC0-301F-11D3-BF4B-00C04F79EFBC}") = "Comfy.Data", "Comfy.Data\Comfy.Data.csproj", "{EF09D4EE-2134-4291-816D-B6C6339BC47E}"
EndProject
Project("{FAE04EC0-301F-11D3-BF4B-00C04F79EFBC}") = "Comfy.App.Web", "Comfy.App.Web\Comfy.App.Web.csproj", "{26DA55CC-1E01-4974-A7B5-A01FD1DB1101}"
EndProject
Project("{FAE04EC0-301F-11D3-BF4B-00C04F79EFBC}") = "Comfy.App", "Comfy.App\Comfy.App.csproj", "{861BF16D-6289-4A86-91DE-775E8392E474}"
EndProject
Project("{FAE04EC0-301F-11D3-BF4B-00C04F79EFBC}") = "Comfy.App.Service", "Comfy.App.Service\Comfy.App.Service.csproj", "{3D667345-A91F-4DEC-BE7C-8F79CDC590BD}"
EndProject
Project("{FAE04EC0-301F-11D3-BF4B-00C04F79EFBC}") = "Comfy.App.Core", "Comfy.App.Core\Comfy.App.Core.csproj", "{B113A247-10AE-423A-9FDC-659C9F49D92E}"
EndProject
Project("{FAE04EC0-301F-11D3-BF4B-00C04F79EFBC}") = "Comfy.UI.WebControls", "Comfy.UI.WebControls\Comfy.UI.WebControls.csproj", "{EB199AAB-C461-4CA2-B1CD-6F88AAB1B8F0}"
EndProject
Global
	GlobalSection(SolutionConfigurationPlatforms) = preSolution
		Debug|Any CPU = Debug|Any CPU
		Debug|Mixed Platforms = Debug|Mixed Platforms
		Debug|x86 = Debug|x86
		MSSQL|Any CPU = MSSQL|Any CPU
		MSSQL|Mixed Platforms = MSSQL|Mixed Platforms
		MSSQL|x86 = MSSQL|x86
		Oracle|Any CPU = Oracle|Any CPU
		Oracle|Mixed Platforms = Oracle|Mixed Platforms
		Oracle|x86 = Oracle|x86
		Release|Any CPU = Release|Any CPU
		Release|Mixed Platforms = Release|Mixed Platforms
		Release|x86 = Release|x86
	EndGlobalSection
	GlobalSection(ProjectConfigurationPlatforms) = postSolution
		{6E0ED7F7-9C0C-418D-BE53-31B999C23DF4}.Debug|Any CPU.ActiveCfg = Debug|Any CPU
		{6E0ED7F7-9C0C-418D-BE53-31B999C23DF4}.Debug|Mixed Platforms.ActiveCfg = Debug|Any CPU
		{6E0ED7F7-9C0C-418D-BE53-31B999C23DF4}.Debug|Mixed Platforms.Build.0 = Debug|Any CPU
		{6E0ED7F7-9C0C-418D-BE53-31B999C23DF4}.Debug|x86.ActiveCfg = Debug|Any CPU
		{6E0ED7F7-9C0C-418D-BE53-31B999C23DF4}.MSSQL|Any CPU.ActiveCfg = Debug|Any CPU
		{6E0ED7F7-9C0C-418D-BE53-31B999C23DF4}.MSSQL|Any CPU.Build.0 = Debug|Any CPU
		{6E0ED7F7-9C0C-418D-BE53-31B999C23DF4}.MSSQL|Mixed Platforms.ActiveCfg = Release|Any CPU
		{6E0ED7F7-9C0C-418D-BE53-31B999C23DF4}.MSSQL|Mixed Platforms.Build.0 = Release|Any CPU
		{6E0ED7F7-9C0C-418D-BE53-31B999C23DF4}.MSSQL|x86.ActiveCfg = Release|Any CPU
		{6E0ED7F7-9C0C-418D-BE53-31B999C23DF4}.Oracle|Any CPU.ActiveCfg = Release|Any CPU
		{6E0ED7F7-9C0C-418D-BE53-31B999C23DF4}.Oracle|Any CPU.Build.0 = Release|Any CPU
		{6E0ED7F7-9C0C-418D-BE53-31B999C23DF4}.Oracle|Mixed Platforms.ActiveCfg = Release|Any CPU
		{6E0ED7F7-9C0C-418D-BE53-31B999C23DF4}.Oracle|x86.ActiveCfg = Release|Any CPU
		{6E0ED7F7-9C0C-418D-BE53-31B999C23DF4}.Release|Any CPU.ActiveCfg = Release|Any CPU
		{6E0ED7F7-9C0C-418D-BE53-31B999C23DF4}.Release|Any CPU.Build.0 = Release|Any CPU
		{6E0ED7F7-9C0C-418D-BE53-31B999C23DF4}.Release|Mixed Platforms.ActiveCfg = Release|Any CPU
		{6E0ED7F7-9C0C-418D-BE53-31B999C23DF4}.Release|Mixed Platforms.Build.0 = Release|Any CPU
		{6E0ED7F7-9C0C-418D-BE53-31B999C23DF4}.Release|x86.ActiveCfg = Release|Any CPU
		{EF09D4EE-2134-4291-816D-B6C6339BC47E}.Debug|Any CPU.ActiveCfg = Debug|Any CPU
		{EF09D4EE-2134-4291-816D-B6C6339BC47E}.Debug|Mixed Platforms.ActiveCfg = Debug|Any CPU
		{EF09D4EE-2134-4291-816D-B6C6339BC47E}.Debug|Mixed Platforms.Build.0 = Debug|Any CPU
		{EF09D4EE-2134-4291-816D-B6C6339BC47E}.Debug|x86.ActiveCfg = Debug|Any CPU
		{EF09D4EE-2134-4291-816D-B6C6339BC47E}.MSSQL|Any CPU.ActiveCfg = Debug|Any CPU
		{EF09D4EE-2134-4291-816D-B6C6339BC47E}.MSSQL|Any CPU.Build.0 = Debug|Any CPU
		{EF09D4EE-2134-4291-816D-B6C6339BC47E}.MSSQL|Mixed Platforms.ActiveCfg = Release|Any CPU
		{EF09D4EE-2134-4291-816D-B6C6339BC47E}.MSSQL|Mixed Platforms.Build.0 = Release|Any CPU
		{EF09D4EE-2134-4291-816D-B6C6339BC47E}.MSSQL|x86.ActiveCfg = Release|Any CPU
		{EF09D4EE-2134-4291-816D-B6C6339BC47E}.Oracle|Any CPU.ActiveCfg = Release|Any CPU
		{EF09D4EE-2134-4291-816D-B6C6339BC47E}.Oracle|Any CPU.Build.0 = Release|Any CPU
		{EF09D4EE-2134-4291-816D-B6C6339BC47E}.Oracle|Mixed Platforms.ActiveCfg = Release|Any CPU
		{EF09D4EE-2134-4291-816D-B6C6339BC47E}.Oracle|x86.ActiveCfg = Release|Any CPU
		{EF09D4EE-2134-4291-816D-B6C6339BC47E}.Release|Any CPU.ActiveCfg = Release|Any CPU
		{EF09D4EE-2134-4291-816D-B6C6339BC47E}.Release|Any CPU.Build.0 = Release|Any CPU
		{EF09D4EE-2134-4291-816D-B6C6339BC47E}.Release|Mixed Platforms.ActiveCfg = Release|Any CPU
		{EF09D4EE-2134-4291-816D-B6C6339BC47E}.Release|Mixed Platforms.Build.0 = Release|Any CPU
		{EF09D4EE-2134-4291-816D-B6C6339BC47E}.Release|x86.ActiveCfg = Release|Any CPU
		{26DA55CC-1E01-4974-A7B5-A01FD1DB1101}.Debug|Any CPU.ActiveCfg = Debug|Any CPU
		{26DA55CC-1E01-4974-A7B5-A01FD1DB1101}.Debug|Any CPU.Build.0 = Debug|Any CPU
		{26DA55CC-1E01-4974-A7B5-A01FD1DB1101}.Debug|Mixed Platforms.ActiveCfg = Debug|Any CPU
		{26DA55CC-1E01-4974-A7B5-A01FD1DB1101}.Debug|Mixed Platforms.Build.0 = Debug|Any CPU
		{26DA55CC-1E01-4974-A7B5-A01FD1DB1101}.Debug|x86.ActiveCfg = Debug|Any CPU
		{26DA55CC-1E01-4974-A7B5-A01FD1DB1101}.MSSQL|Any CPU.ActiveCfg = Debug|Any CPU
		{26DA55CC-1E01-4974-A7B5-A01FD1DB1101}.MSSQL|Any CPU.Build.0 = Debug|Any CPU
		{26DA55CC-1E01-4974-A7B5-A01FD1DB1101}.MSSQL|Mixed Platforms.ActiveCfg = Release|Any CPU
		{26DA55CC-1E01-4974-A7B5-A01FD1DB1101}.MSSQL|Mixed Platforms.Build.0 = Release|Any CPU
		{26DA55CC-1E01-4974-A7B5-A01FD1DB1101}.MSSQL|x86.ActiveCfg = Release|Any CPU
		{26DA55CC-1E01-4974-A7B5-A01FD1DB1101}.Oracle|Any CPU.ActiveCfg = Release|Any CPU
		{26DA55CC-1E01-4974-A7B5-A01FD1DB1101}.Oracle|Any CPU.Build.0 = Release|Any CPU
		{26DA55CC-1E01-4974-A7B5-A01FD1DB1101}.Oracle|Mixed Platforms.ActiveCfg = Release|Any CPU
		{26DA55CC-1E01-4974-A7B5-A01FD1DB1101}.Oracle|x86.ActiveCfg = Release|Any CPU
		{26DA55CC-1E01-4974-A7B5-A01FD1DB1101}.Release|Any CPU.ActiveCfg = Release|Any CPU
		{26DA55CC-1E01-4974-A7B5-A01FD1DB1101}.Release|Any CPU.Build.0 = Release|Any CPU
		{26DA55CC-1E01-4974-A7B5-A01FD1DB1101}.Release|Mixed Platforms.ActiveCfg = Release|Any CPU
		{26DA55CC-1E01-4974-A7B5-A01FD1DB1101}.Release|Mixed Platforms.Build.0 = Release|Any CPU
		{26DA55CC-1E01-4974-A7B5-A01FD1DB1101}.Release|x86.ActiveCfg = Release|Any CPU
		{861BF16D-6289-4A86-91DE-775E8392E474}.Debug|Any CPU.ActiveCfg = Debug|Any CPU
		{861BF16D-6289-4A86-91DE-775E8392E474}.Debug|Any CPU.Build.0 = Debug|Any CPU
		{861BF16D-6289-4A86-91DE-775E8392E474}.Debug|Mixed Platforms.ActiveCfg = Debug|Any CPU
		{861BF16D-6289-4A86-91DE-775E8392E474}.Debug|Mixed Platforms.Build.0 = Debug|Any CPU
		{861BF16D-6289-4A86-91DE-775E8392E474}.Debug|x86.ActiveCfg = Debug|Any CPU
		{861BF16D-6289-4A86-91DE-775E8392E474}.MSSQL|Any CPU.ActiveCfg = Debug|Any CPU
		{861BF16D-6289-4A86-91DE-775E8392E474}.MSSQL|Any CPU.Build.0 = Debug|Any CPU
		{861BF16D-6289-4A86-91DE-775E8392E474}.MSSQL|Mixed Platforms.ActiveCfg = Release|Any CPU
		{861BF16D-6289-4A86-91DE-775E8392E474}.MSSQL|Mixed Platforms.Build.0 = Release|Any CPU
		{861BF16D-6289-4A86-91DE-775E8392E474}.MSSQL|x86.ActiveCfg = Release|Any CPU
		{861BF16D-6289-4A86-91DE-775E8392E474}.Oracle|Any CPU.ActiveCfg = Release|Any CPU
		{861BF16D-6289-4A86-91DE-775E8392E474}.Oracle|Any CPU.Build.0 = Release|Any CPU
		{861BF16D-6289-4A86-91DE-775E8392E474}.Oracle|Mixed Platforms.ActiveCfg = Release|Any CPU
		{861BF16D-6289-4A86-91DE-775E8392E474}.Oracle|x86.ActiveCfg = Release|Any CPU
		{861BF16D-6289-4A86-91DE-775E8392E474}.Release|Any CPU.ActiveCfg = Release|Any CPU
		{861BF16D-6289-4A86-91DE-775E8392E474}.Release|Any CPU.Build.0 = Release|Any CPU
		{861BF16D-6289-4A86-91DE-775E8392E474}.Release|Mixed Platforms.ActiveCfg = Release|Any CPU
		{861BF16D-6289-4A86-91DE-775E8392E474}.Release|Mixed Platforms.Build.0 = Release|Any CPU
		{861BF16D-6289-4A86-91DE-775E8392E474}.Release|x86.ActiveCfg = Release|Any CPU
		{3D667345-A91F-4DEC-BE7C-8F79CDC590BD}.Debug|Any CPU.ActiveCfg = Debug|Any CPU
		{3D667345-A91F-4DEC-BE7C-8F79CDC590BD}.Debug|Any CPU.Build.0 = Debug|Any CPU
		{3D667345-A91F-4DEC-BE7C-8F79CDC590BD}.Debug|Mixed Platforms.ActiveCfg = Debug|Any CPU
		{3D667345-A91F-4DEC-BE7C-8F79CDC590BD}.Debug|Mixed Platforms.Build.0 = Debug|Any CPU
		{3D667345-A91F-4DEC-BE7C-8F79CDC590BD}.Debug|x86.ActiveCfg = Debug|Any CPU
		{3D667345-A91F-4DEC-BE7C-8F79CDC590BD}.MSSQL|Any CPU.ActiveCfg = Debug|Any CPU
		{3D667345-A91F-4DEC-BE7C-8F79CDC590BD}.MSSQL|Any CPU.Build.0 = Debug|Any CPU
		{3D667345-A91F-4DEC-BE7C-8F79CDC590BD}.MSSQL|Mixed Platforms.ActiveCfg = Release|Any CPU
		{3D667345-A91F-4DEC-BE7C-8F79CDC590BD}.MSSQL|Mixed Platforms.Build.0 = Release|Any CPU
		{3D667345-A91F-4DEC-BE7C-8F79CDC590BD}.MSSQL|x86.ActiveCfg = Release|Any CPU
		{3D667345-A91F-4DEC-BE7C-8F79CDC590BD}.Oracle|Any CPU.ActiveCfg = Release|Any CPU
		{3D667345-A91F-4DEC-BE7C-8F79CDC590BD}.Oracle|Any CPU.Build.0 = Release|Any CPU
		{3D667345-A91F-4DEC-BE7C-8F79CDC590BD}.Oracle|Mixed Platforms.ActiveCfg = Release|Any CPU
		{3D667345-A91F-4DEC-BE7C-8F79CDC590BD}.Oracle|x86.ActiveCfg = Release|Any CPU
		{3D667345-A91F-4DEC-BE7C-8F79CDC590BD}.Release|Any CPU.ActiveCfg = Release|Any CPU
		{3D667345-A91F-4DEC-BE7C-8F79CDC590BD}.Release|Any CPU.Build.0 = Release|Any CPU
		{3D667345-A91F-4DEC-BE7C-8F79CDC590BD}.Release|Mixed Platforms.ActiveCfg = Release|Any CPU
		{3D667345-A91F-4DEC-BE7C-8F79CDC590BD}.Release|Mixed Platforms.Build.0 = Release|Any CPU
		{3D667345-A91F-4DEC-BE7C-8F79CDC590BD}.Release|x86.ActiveCfg = Release|Any CPU
		{B113A247-10AE-423A-9FDC-659C9F49D92E}.Debug|Any CPU.ActiveCfg = Debug|Any CPU
		{B113A247-10AE-423A-9FDC-659C9F49D92E}.Debug|Any CPU.Build.0 = Debug|Any CPU
		{B113A247-10AE-423A-9FDC-659C9F49D92E}.Debug|Mixed Platforms.ActiveCfg = Debug|Any CPU
		{B113A247-10AE-423A-9FDC-659C9F49D92E}.Debug|Mixed Platforms.Build.0 = Debug|Any CPU
		{B113A247-10AE-423A-9FDC-659C9F49D92E}.Debug|x86.ActiveCfg = Debug|Any CPU
		{B113A247-10AE-423A-9FDC-659C9F49D92E}.MSSQL|Any CPU.ActiveCfg = MSSQL|Any CPU
		{B113A247-10AE-423A-9FDC-659C9F49D92E}.MSSQL|Any CPU.Build.0 = MSSQL|Any CPU
		{B113A247-10AE-423A-9FDC-659C9F49D92E}.MSSQL|Mixed Platforms.ActiveCfg = MSSQL|Any CPU
		{B113A247-10AE-423A-9FDC-659C9F49D92E}.MSSQL|Mixed Platforms.Build.0 = MSSQL|Any CPU
		{B113A247-10AE-423A-9FDC-659C9F49D92E}.MSSQL|x86.ActiveCfg = MSSQL|Any CPU
		{B113A247-10AE-423A-9FDC-659C9F49D92E}.Oracle|Any CPU.ActiveCfg = Debug|Any CPU
		{B113A247-10AE-423A-9FDC-659C9F49D92E}.Oracle|Mixed Platforms.ActiveCfg = Oracle|Any CPU
		{B113A247-10AE-423A-9FDC-659C9F49D92E}.Oracle|Mixed Platforms.Build.0 = Oracle|Any CPU
		{B113A247-10AE-423A-9FDC-659C9F49D92E}.Oracle|x86.ActiveCfg = Debug|Any CPU
		{B113A247-10AE-423A-9FDC-659C9F49D92E}.Release|Any CPU.ActiveCfg = Oracle|Any CPU
		{B113A247-10AE-423A-9FDC-659C9F49D92E}.Release|Any CPU.Build.0 = Oracle|Any CPU
		{B113A247-10AE-423A-9FDC-659C9F49D92E}.Release|Mixed Platforms.ActiveCfg = Oracle|Any CPU
		{B113A247-10AE-423A-9FDC-659C9F49D92E}.Release|Mixed Platforms.Build.0 = Oracle|Any CPU
		{B113A247-10AE-423A-9FDC-659C9F49D92E}.Release|x86.ActiveCfg = Oracle|Any CPU
		{EB199AAB-C461-4CA2-B1CD-6F88AAB1B8F0}.Debug|Any CPU.ActiveCfg = Debug|Any CPU
		{EB199AAB-C461-4CA2-B1CD-6F88AAB1B8F0}.Debug|Any CPU.Build.0 = Debug|Any CPU
		{EB199AAB-C461-4CA2-B1CD-6F88AAB1B8F0}.Debug|Mixed Platforms.ActiveCfg = Debug|Any CPU
		{EB199AAB-C461-4CA2-B1CD-6F88AAB1B8F0}.Debug|Mixed Platforms.Build.0 = Debug|Any CPU
		{EB199AAB-C461-4CA2-B1CD-6F88AAB1B8F0}.Debug|x86.ActiveCfg = Debug|Any CPU
		{EB199AAB-C461-4CA2-B1CD-6F88AAB1B8F0}.MSSQL|Any CPU.ActiveCfg = Release|Any CPU
		{EB199AAB-C461-4CA2-B1CD-6F88AAB1B8F0}.MSSQL|Any CPU.Build.0 = Release|Any CPU
		{EB199AAB-C461-4CA2-B1CD-6F88AAB1B8F0}.MSSQL|Mixed Platforms.ActiveCfg = Release|Any CPU
		{EB199AAB-C461-4CA2-B1CD-6F88AAB1B8F0}.MSSQL|Mixed Platforms.Build.0 = Release|Any CPU
		{EB199AAB-C461-4CA2-B1CD-6F88AAB1B8F0}.MSSQL|x86.ActiveCfg = Release|Any CPU
		{EB199AAB-C461-4CA2-B1CD-6F88AAB1B8F0}.Oracle|Any CPU.ActiveCfg = Release|Any CPU
		{EB199AAB-C461-4CA2-B1CD-6F88AAB1B8F0}.Oracle|Any CPU.Build.0 = Release|Any CPU
		{EB199AAB-C461-4CA2-B1CD-6F88AAB1B8F0}.Oracle|Mixed Platforms.ActiveCfg = Release|Any CPU
		{EB199AAB-C461-4CA2-B1CD-6F88AAB1B8F0}.Oracle|x86.ActiveCfg = Release|Any CPU
		{EB199AAB-C461-4CA2-B1CD-6F88AAB1B8F0}.Release|Any CPU.ActiveCfg = Release|Any CPU
		{EB199AAB-C461-4CA2-B1CD-6F88AAB1B8F0}.Release|Any CPU.Build.0 = Release|Any CPU
		{EB199AAB-C461-4CA2-B1CD-6F88AAB1B8F0}.Release|Mixed Platforms.ActiveCfg = Release|Any CPU
		{EB199AAB-C461-4CA2-B1CD-6F88AAB1B8F0}.Release|Mixed Platforms.Build.0 = Release|Any CPU
		{EB199AAB-C461-4CA2-B1CD-6F88AAB1B8F0}.Release|x86.ActiveCfg = Release|Any CPU
	EndGlobalSection
	GlobalSection(SolutionProperties) = preSolution
		HideSolutionNode = FALSE
	EndGlobalSection
EndGlobal
